
Microsoft Visual Studio Solution File, Format Version 11.00
# Visual Studio 2010
# SharpDevelop 5.1
Project("{FAE04EC0-301F-11D3-BF4B-00C04F79EFBC}") = "Quran Word Search", "Quran Word Search\Quran Word Search.csproj", "{BEC6229E-051A-4356-9C11-4F25400CC517}"
EndProject
Global
	GlobalSection(SolutionConfigurationPlatforms) = preSolution
		Debug|Any CPU = Debug|Any CPU
		Release|Any CPU = Release|Any CPU
	EndGlobalSection
	GlobalSection(ProjectConfigurationPlatforms) = postSolution
		{BEC6229E-051A-4356-9C11-4F25400CC517}.Debug|Any CPU.ActiveCfg = Debug|Any CPU
		{BEC6229E-051A-4356-9C11-4F25400CC517}.Debug|Any CPU.Build.0 = Debug|Any CPU
		{BEC6229E-051A-4356-9C11-4F25400CC517}.Release|Any CPU.ActiveCfg = Release|Any CPU
		{BEC6229E-051A-4356-9C11-4F25400CC517}.Release|Any CPU.Build.0 = Release|Any CPU
	EndGlobalSection
EndGlobal
